
Microsoft Visual Studio Solution File, Format Version 12.00
# Visual Studio Version 17
VisualStudioVersion = 17.14.36408.4 d17.14
MinimumVisualStudioVersion = 10.0.40219.1
Project("{FAE04EC0-301F-11D3-BF4B-00C04F79EFBC}") = "ApiGatway", "ApiGatway.csproj", "{5754BE1B-7E37-4B5B-BE01-9EB6FA0543CB}"
EndProject
Global
	GlobalSection(SolutionConfigurationPlatforms) = preSolution
		Debug|Any CPU = Debug|Any CPU
		Release|Any CPU = Release|Any CPU
	EndGlobalSection
	GlobalSection(ProjectConfigurationPlatforms) = postSolution
		{5754BE1B-7E37-4B5B-BE01-9EB6FA0543CB}.Debug|Any CPU.ActiveCfg = Debug|Any CPU
		{5754BE1B-7E37-4B5B-BE01-9EB6FA0543CB}.Debug|Any CPU.Build.0 = Debug|Any CPU
		{5754BE1B-7E37-4B5B-BE01-9EB6FA0543CB}.Release|Any CPU.ActiveCfg = Release|Any CPU
		{5754BE1B-7E37-4B5B-BE01-9EB6FA0543CB}.Release|Any CPU.Build.0 = Release|Any CPU
	EndGlobalSection
	GlobalSection(SolutionProperties) = preSolution
		HideSolutionNode = FALSE
	EndGlobalSection
	GlobalSection(ExtensibilityGlobals) = postSolution
		SolutionGuid = {BFCEC847-DC7E-4C30-940E-4788A17C2030}
	EndGlobalSection
EndGlobal
